{
  "nodes": {
    "disko": {
      "inputs": {
        "nixpkgs": [
          "nixpkgs"
        ]
      },
      "locked": {
        "lastModified": 1721735625,
        "narHash": "sha256-4T0FK0b3Q7Dd7oj79M7GhA9+YqKxxGT0iN+h8yqdP7s=",
        "owner": "nix-community",
        "repo": "disko",
        "rev": "4698b1ef375e9c904037e0b2049aa73d39ac1b2d",
        "type": "github"
      },
      "original": {
        "owner": "nix-community",
        "repo": "disko",
        "type": "github"
      }
    },
    "flake-compat": {
      "flake": false,
      "locked": {
        "lastModified": 1696426674,
        "narHash": "sha256-kvjfFW7WAETZlt09AgDn1MrtKzP7t90Vf7vypd3OL1U=",
        "owner": "edolstra",
        "repo": "flake-compat",
        "rev": "0f9255e01c2351cc7d116c072cb317785dd33b33",
        "type": "github"
      },
      "original": {
        "owner": "edolstra",
        "repo": "flake-compat",
        "type": "github"
      }
    },
    "flake-parts": {
      "inputs": {
        "nixpkgs-lib": [
          "nixos-wiki",
          "nixpkgs"
        ]
      },
      "locked": {
        "lastModified": 1714641030,
        "narHash": "sha256-yzcRNDoyVP7+SCNX0wmuDju1NUCt8Dz9+lyUXEI0dbI=",
        "owner": "hercules-ci",
        "repo": "flake-parts",
        "rev": "e5d10a24b66c3ea8f150e47dfdb0416ab7c3390e",
        "type": "github"
      },
      "original": {
        "owner": "hercules-ci",
        "repo": "flake-parts",
        "type": "github"
      }
    },
    "flake-utils": {
      "inputs": {
        "systems": "systems"
      },
      "locked": {
        "lastModified": 1710146030,
        "narHash": "sha256-SZ5L6eA7HJ/nmkzGG7/ISclqe6oZdOZTNoesiInkXPQ=",
        "owner": "numtide",
        "repo": "flake-utils",
        "rev": "b1d9ab70662946ef0850d488da1c9019f3a9752a",
        "type": "github"
      },
      "original": {
        "owner": "numtide",
        "repo": "flake-utils",
        "type": "github"
      }
    },
    "home-manager": {
      "inputs": {
        "nixpkgs": [
          "nixpkgs"
        ]
      },
      "locked": {
        "lastModified": 1714043624,
        "narHash": "sha256-Xn2r0Jv95TswvPlvamCC46wwNo8ALjRCMBJbGykdhcM=",
        "owner": "nix-community",
        "repo": "home-manager",
        "rev": "86853e31dc1b62c6eeed11c667e8cdd0285d4411",
        "type": "github"
      },
      "original": {
        "owner": "nix-community",
        "ref": "release-23.11",
        "repo": "home-manager",
        "type": "github"
      }
    },
    "nix-index-database": {
      "inputs": {
        "nixpkgs": [
          "nixpkgs"
        ]
      },
      "locked": {
        "lastModified": 1721531260,
        "narHash": "sha256-O72uxk4gYFQDwNkoBioyrR3GK9EReZmexCStBaORMW8=",
        "owner": "nix-community",
        "repo": "nix-index-database",
        "rev": "b6db9fd8dc59bb2ccb403f76d16ba8bbc1d5263d",
        "type": "github"
      },
      "original": {
        "owner": "nix-community",
        "repo": "nix-index-database",
        "type": "github"
      }
    },
    "nix-ld-rs": {
      "inputs": {
        "flake-compat": "flake-compat",
        "flake-utils": [
          "flake-utils"
        ],
        "nixpkgs": [
          "nixpkgs"
        ]
      },
      "locked": {
        "lastModified": 1721394956,
        "narHash": "sha256-VnayJVKngasaNNiMlBhkeA//+V9EpEuT/mkOsFUbFDg=",
        "owner": "nix-community",
        "repo": "nix-ld-rs",
        "rev": "2f1fe38bc69d2400652e0848d9d2ce2955a39cf6",
        "type": "github"
      },
      "original": {
        "owner": "nix-community",
        "repo": "nix-ld-rs",
        "type": "github"
      }
    },
    "nixos-hardware": {
      "locked": {
        "lastModified": 1721839713,
        "narHash": "sha256-apTv16L9h5ONS2VTPbKEgwAOVmWGku0MsfprjgwBFHo=",
        "owner": "NixOS",
        "repo": "nixos-hardware",
        "rev": "a7432ebaefc9a400dcda399d48b949230378d784",
        "type": "github"
      },
      "original": {
        "owner": "NixOS",
        "repo": "nixos-hardware",
        "type": "github"
      }
    },
    "nixos-wiki": {
      "inputs": {
        "disko": [
          "disko"
        ],
        "flake-parts": "flake-parts",
        "nixpkgs": [
          "nixpkgs"
        ],
        "sops-nix": [
          "sops-nix"
        ],
        "srvos": "srvos",
        "treefmt-nix": [
          "treefmt-nix"
        ]
      },
      "locked": {
        "lastModified": 1721358557,
        "narHash": "sha256-OBTQ3HwDPQZmPRm6UnR69uUKquLQcLwPpjf614U1Y8k=",
        "owner": "Mic92",
        "repo": "nixos-wiki-infra",
        "rev": "25c5c38ec481ccea03a6ea3b76ecd1c5d8080769",
        "type": "github"
      },
      "original": {
        "owner": "Mic92",
        "repo": "nixos-wiki-infra",
        "type": "github"
      }
    },
    "nixpkgs": {
      "locked": {
        "lastModified": 1713995372,
        "narHash": "sha256-fFE3M0vCoiSwCX02z8VF58jXFRj9enYUSTqjyHAjrds=",
        "owner": "nixos",
        "repo": "nixpkgs",
        "rev": "dd37924974b9202f8226ed5d74a252a9785aedf8",
        "type": "github"
      },
      "original": {
        "owner": "nixos",
        "ref": "nixos-23.11",
        "repo": "nixpkgs",
        "type": "github"
      }
    },
    "nixpkgs-unstable": {
      "locked": {
        "lastModified": 1714076141,
        "narHash": "sha256-Drmja/f5MRHZCskS6mvzFqxEaZMeciScCTFxWVLqWEY=",
        "owner": "nixos",
        "repo": "nixpkgs",
        "rev": "7bb2ccd8cdc44c91edba16c48d2c8f331fb3d856",
        "type": "github"
      },
      "original": {
        "owner": "nixos",
        "ref": "nixos-unstable",
        "repo": "nixpkgs",
        "type": "github"
      }
    },
    "root": {
      "inputs": {
        "disko": "disko",
        "flake-utils": "flake-utils",
        "home-manager": "home-manager",
        "nix-index-database": "nix-index-database",
        "nix-ld-rs": "nix-ld-rs",
        "nixos-hardware": "nixos-hardware",
        "nixos-wiki": "nixos-wiki",
        "nixpkgs": "nixpkgs",
        "nixpkgs-unstable": "nixpkgs-unstable",
        "sops-nix": "sops-nix",
        "treefmt-nix": "treefmt-nix"
      }
    },
    "sops-nix": {
      "inputs": {
        "nixpkgs": [
          "nixpkgs"
        ],
        "nixpkgs-stable": []
      },
      "locked": {
        "lastModified": 1721688883,
        "narHash": "sha256-9jsjsRKtJRqNSTXKj9zuDFRf2PGix30nMx9VKyPgD2U=",
        "owner": "Mic92",
        "repo": "sops-nix",
        "rev": "aff2f88277dabe695de4773682842c34a0b7fd54",
        "type": "github"
      },
      "original": {
        "owner": "Mic92",
        "repo": "sops-nix",
        "type": "github"
      }
    },
    "srvos": {
      "inputs": {
        "nixpkgs": [
          "nixos-wiki",
          "nixpkgs"
        ]
      },
      "locked": {
        "lastModified": 1715216666,
        "narHash": "sha256-0aTe4zSO5t6Wn+gaW5Bwr+84INd7htOdn3sdmE6/uC0=",
        "owner": "numtide",
        "repo": "srvos",
        "rev": "65d83b87b55c9618cf02aa9b9c08ec8adaa08c9d",
        "type": "github"
      },
      "original": {
        "owner": "numtide",
        "repo": "srvos",
        "type": "github"
      }
    },
    "systems": {
      "locked": {
        "lastModified": 1681028828,
        "narHash": "sha256-Vy1rq5AaRuLzOxct8nz4T6wlgyUR7zLU309k9mBC768=",
        "owner": "nix-systems",
        "repo": "default",
        "rev": "da67096a3b9bf56a91d16901293e51ba5b49a27e",
        "type": "github"
      },
      "original": {
        "owner": "nix-systems",
        "repo": "default",
        "type": "github"
      }
    },
    "treefmt-nix": {
      "inputs": {
        "nixpkgs": [
          "nixpkgs"
        ]
      },
      "locked": {
        "lastModified": 1721769617,
        "narHash": "sha256-6Pqa0bi5nV74IZcENKYRToRNM5obo1EQ+3ihtunJ014=",
        "owner": "numtide",
        "repo": "treefmt-nix",
        "rev": "8db8970be1fb8be9c845af7ebec53b699fe7e009",
        "type": "github"
      },
      "original": {
        "owner": "numtide",
        "repo": "treefmt-nix",
        "type": "github"
      }
    }
  },
  "root": "root",
  "version": 7
}
